
Microsoft Visual Studio Solution File, Format Version 12.00
# Visual Studio Version 17
VisualStudioVersion = 17.6.33801.468
MinimumVisualStudioVersion = 10.0.40219.1
Project("{9A19103F-16F7-4668-BE54-9A1E7A4F7556}") = "Hikaria.AdminSystem", "Hikaria.AdminSystem\Hikaria.AdminSystem.csproj", "{D71758C1-2F74-4CD5-8C51-7BED2AABC1FA}"
EndProject
Project("{2150E333-8FDC-42A3-9474-1A3956D46DE8}") = "Solution Items", "Solution Items", "{02EA681E-C7D8-13C7-8484-4AC65E1B71E8}"
	ProjectSection(SolutionItems) = preProject
		.gitignore = .gitignore
		Dependencies.props = Dependencies.props
		GameFolder.props = GameFolder.props
	EndProjectSection
EndProject
Project("{2150E333-8FDC-42A3-9474-1A3956D46DE8}") = "Localization", "Localization", "{DCD8AD67-81E4-43EF-B00C-9C4576CE74F1}"
	ProjectSection(SolutionItems) = preProject
		Localization\Feature_BioScanVisualizer_Localization.json = Localization\Feature_BioScanVisualizer_Localization.json
		Localization\Feature_EnemyMarker_Localization.json = Localization\Feature_EnemyMarker_Localization.json
		Localization\Feature_FogRepellerMarker_Localization.json = Localization\Feature_FogRepellerMarker_Localization.json
		Localization\Feature_PauseGame_Localization.json = Localization\Feature_PauseGame_Localization.json
		Localization\Feature_SuperBioTracker_Localization.json = Localization\Feature_SuperBioTracker_Localization.json
		Localization\Feature_WeaponAutoAim_Localization.json = Localization\Feature_WeaponAutoAim_Localization.json
		Localization\Feature_WeaponAutoTrigger_Localization.json = Localization\Feature_WeaponAutoTrigger_Localization.json
		Localization\Module_Hikaria.AdminSystem_Localization.json = Localization\Module_Hikaria.AdminSystem_Localization.json
		Localization\Module_Hikaria.AdminSystem_QC_Localization.json = Localization\Module_Hikaria.AdminSystem_QC_Localization.json
	EndProjectSection
EndProject
Project("{2150E333-8FDC-42A3-9474-1A3956D46DE8}") = "Settings", "Settings", "{EE7CC031-4868-4C80-AF0F-682A74E8C54C}"
	ProjectSection(SolutionItems) = preProject
		Settings\EnemyIDNameLookup.json = Settings\EnemyIDNameLookup.json
	EndProjectSection
EndProject
Project("{2150E333-8FDC-42A3-9474-1A3956D46DE8}") = "Definitions", "Definitions", "{CEC19C60-CFBE-40BB-83E8-B8DB5F35EE42}"
	ProjectSection(SolutionItems) = preProject
		Definitions\Module_Hikaria.AdminSystem_Group_Definition.json = Definitions\Module_Hikaria.AdminSystem_Group_Definition.json
	EndProjectSection
EndProject
Global
	GlobalSection(SolutionConfigurationPlatforms) = preSolution
		Debug|Any CPU = Debug|Any CPU
		Debug|x64 = Debug|x64
		Release|Any CPU = Release|Any CPU
		Release|x64 = Release|x64
	EndGlobalSection
	GlobalSection(ProjectConfigurationPlatforms) = postSolution
		{D71758C1-2F74-4CD5-8C51-7BED2AABC1FA}.Debug|Any CPU.ActiveCfg = Debug|Any CPU
		{D71758C1-2F74-4CD5-8C51-7BED2AABC1FA}.Debug|Any CPU.Build.0 = Debug|Any CPU
		{D71758C1-2F74-4CD5-8C51-7BED2AABC1FA}.Debug|x64.ActiveCfg = Debug|x64
		{D71758C1-2F74-4CD5-8C51-7BED2AABC1FA}.Debug|x64.Build.0 = Debug|x64
		{D71758C1-2F74-4CD5-8C51-7BED2AABC1FA}.Release|Any CPU.ActiveCfg = Release|Any CPU
		{D71758C1-2F74-4CD5-8C51-7BED2AABC1FA}.Release|Any CPU.Build.0 = Release|Any CPU
		{D71758C1-2F74-4CD5-8C51-7BED2AABC1FA}.Release|x64.ActiveCfg = Release|x64
		{D71758C1-2F74-4CD5-8C51-7BED2AABC1FA}.Release|x64.Build.0 = Release|x64
	EndGlobalSection
	GlobalSection(SolutionProperties) = preSolution
		HideSolutionNode = FALSE
	EndGlobalSection
	GlobalSection(ExtensibilityGlobals) = postSolution
		SolutionGuid = {4A0FA33C-B9A8-4E2B-804A-2483D19A71EA}
	EndGlobalSection
EndGlobal
